
Microsoft Visual Studio Solution File, Format Version 12.00
# Visual Studio Version 16
VisualStudioVersion = 16.0.30621.155
MinimumVisualStudioVersion = 10.0.40219.1
Project("{FAE04EC0-301F-11D3-BF4B-00C04F79EFBC}") = "SimpleRecursion", "SimpleRecursion\SimpleRecursion.csproj", "{B1D8A668-9FCA-4D13-BFE7-75763AA05A4E}"
EndProject
Project("{FAE04EC0-301F-11D3-BF4B-00C04F79EFBC}") = "Fibonacci", "Fionacci\Fibonacci.csproj", "{F4336D51-A94B-43DC-B8B7-CF3F49542C7A}"
EndProject
Project("{FAE04EC0-301F-11D3-BF4B-00C04F79EFBC}") = "Faculty", "Faculty\Faculty.csproj", "{A67DFBCB-63A0-4DFA-A2EE-761308C7507E}"
EndProject
Global
	GlobalSection(SolutionConfigurationPlatforms) = preSolution
		Debug|Any CPU = Debug|Any CPU
		Release|Any CPU = Release|Any CPU
	EndGlobalSection
	GlobalSection(ProjectConfigurationPlatforms) = postSolution
		{B1D8A668-9FCA-4D13-BFE7-75763AA05A4E}.Debug|Any CPU.ActiveCfg = Debug|Any CPU
		{B1D8A668-9FCA-4D13-BFE7-75763AA05A4E}.Debug|Any CPU.Build.0 = Debug|Any CPU
		{B1D8A668-9FCA-4D13-BFE7-75763AA05A4E}.Release|Any CPU.ActiveCfg = Release|Any CPU
		{B1D8A668-9FCA-4D13-BFE7-75763AA05A4E}.Release|Any CPU.Build.0 = Release|Any CPU
		{F4336D51-A94B-43DC-B8B7-CF3F49542C7A}.Debug|Any CPU.ActiveCfg = Debug|Any CPU
		{F4336D51-A94B-43DC-B8B7-CF3F49542C7A}.Debug|Any CPU.Build.0 = Debug|Any CPU
		{F4336D51-A94B-43DC-B8B7-CF3F49542C7A}.Release|Any CPU.ActiveCfg = Release|Any CPU
		{F4336D51-A94B-43DC-B8B7-CF3F49542C7A}.Release|Any CPU.Build.0 = Release|Any CPU
		{A67DFBCB-63A0-4DFA-A2EE-761308C7507E}.Debug|Any CPU.ActiveCfg = Debug|Any CPU
		{A67DFBCB-63A0-4DFA-A2EE-761308C7507E}.Debug|Any CPU.Build.0 = Debug|Any CPU
		{A67DFBCB-63A0-4DFA-A2EE-761308C7507E}.Release|Any CPU.ActiveCfg = Release|Any CPU
		{A67DFBCB-63A0-4DFA-A2EE-761308C7507E}.Release|Any CPU.Build.0 = Release|Any CPU
	EndGlobalSection
	GlobalSection(SolutionProperties) = preSolution
		HideSolutionNode = FALSE
	EndGlobalSection
	GlobalSection(ExtensibilityGlobals) = postSolution
		SolutionGuid = {97E1BF47-CAF3-457B-8894-1FB2A80C273C}
	EndGlobalSection
EndGlobal
